// !$*UTF8*$!
{
	archiveVersion = 1;
	classes = {
	};
	objectVersion = 77;
	objects = {

/* Begin PBXBuildFile section */
		0699AA62167C67136505D405 /* Assets.xcassets in Resources */ = {isa = PBXBuildFile; fileRef = D62753EB7324AF3ADEF3CCB9 /* Assets.xcassets */; };
		18178906F1495B4BC1410581 /* AIService.swift in Sources */ = {isa = PBXBuildFile; fileRef = 059C9FA9C9B49578732892E0 /* AIService.swift */; };
		7C18A5C82B0BA8BEDA66936E /* BibleCopilotApp.swift in Sources */ = {isa = PBXBuildFile; fileRef = 7252163E03A5A92A1852A2C6 /* BibleCopilotApp.swift */; };
		7DF106B4AF22A62C6DCD2CF7 /* ContentView.swift in Sources */ = {isa = PBXBuildFile; fileRef = 922F5CBA6C43138FD54F4B39 /* ContentView.swift */; };
		A10001000000000000000001 /* Color+Hex.swift in Sources */ = {isa = PBXBuildFile; fileRef = B10001000000000000000001 /* Color+Hex.swift */; };
		A10001000000000000000002 /* Date+Formatting.swift in Sources */ = {isa = PBXBuildFile; fileRef = B10001000000000000000002 /* Date+Formatting.swift */; };
		A10001000000000000000003 /* JournalEntry.swift in Sources */ = {isa = PBXBuildFile; fileRef = B10001000000000000000003 /* JournalEntry.swift */; };
		A10001000000000000000004 /* OnboardingSlide.swift in Sources */ = {isa = PBXBuildFile; fileRef = B10001000000000000000004 /* OnboardingSlide.swift */; };
		A10001000000000000000005 /* ReadingPlan.swift in Sources */ = {isa = PBXBuildFile; fileRef = B10001000000000000000005 /* ReadingPlan.swift */; };
		A10001000000000000000006 /* ReadingPlanProgress.swift in Sources */ = {isa = PBXBuildFile; fileRef = B10001000000000000000006 /* ReadingPlanProgress.swift */; };
		A10001000000000000000007 /* SavedPassage.swift in Sources */ = {isa = PBXBuildFile; fileRef = B10001000000000000000007 /* SavedPassage.swift */; };
		A10001000000000000000008 /* BibleService.swift in Sources */ = {isa = PBXBuildFile; fileRef = B10001000000000000000008 /* BibleService.swift */; };
		A10001000000000000000009 /* CrossReferenceParser.swift in Sources */ = {isa = PBXBuildFile; fileRef = B10001000000000000000009 /* CrossReferenceParser.swift */; };
		A1000100000000000000000A /* HapticService.swift in Sources */ = {isa = PBXBuildFile; fileRef = B1000100000000000000000A /* HapticService.swift */; };
		A1000100000000000000000B /* SubscriptionService.swift in Sources */ = {isa = PBXBuildFile; fileRef = B1000100000000000000000B /* SubscriptionService.swift */; };
		A1000100000000000000000C /* UsageService.swift in Sources */ = {isa = PBXBuildFile; fileRef = B1000100000000000000000C /* UsageService.swift */; };
		A1000100000000000000000D /* AppTheme.swift in Sources */ = {isa = PBXBuildFile; fileRef = B1000100000000000000000D /* AppTheme.swift */; };
		A1000100000000000000000E /* StudyModeTheme.swift in Sources */ = {isa = PBXBuildFile; fileRef = B1000100000000000000000E /* StudyModeTheme.swift */; };
		A1000100000000000000000F /* HomeViewModel.swift in Sources */ = {isa = PBXBuildFile; fileRef = B1000100000000000000000F /* HomeViewModel.swift */; };
		A10001000000000000000010 /* StudyViewModel.swift in Sources */ = {isa = PBXBuildFile; fileRef = B10001000000000000000010 /* StudyViewModel.swift */; };
		A10001000000000000000011 /* EmptyStateView.swift in Sources */ = {isa = PBXBuildFile; fileRef = B10001000000000000000011 /* EmptyStateView.swift */; };
		A10001000000000000000012 /* JournalCardView.swift in Sources */ = {isa = PBXBuildFile; fileRef = B10001000000000000000012 /* JournalCardView.swift */; };
		A10001000000000000000013 /* LoadingDotsView.swift in Sources */ = {isa = PBXBuildFile; fileRef = B10001000000000000000013 /* LoadingDotsView.swift */; };
		A10001000000000000000014 /* ProLockOverlay.swift in Sources */ = {isa = PBXBuildFile; fileRef = B10001000000000000000014 /* ProLockOverlay.swift */; };
		A10001000000000000000015 /* QuickPickChip.swift in Sources */ = {isa = PBXBuildFile; fileRef = B10001000000000000000015 /* QuickPickChip.swift */; };
		A10001000000000000000016 /* SavedPassageCard.swift in Sources */ = {isa = PBXBuildFile; fileRef = B10001000000000000000016 /* SavedPassageCard.swift */; };
		A10001000000000000000017 /* StudyModeCard.swift in Sources */ = {isa = PBXBuildFile; fileRef = B10001000000000000000017 /* StudyModeCard.swift */; };
		A10001000000000000000018 /* OnboardingView.swift in Sources */ = {isa = PBXBuildFile; fileRef = B10001000000000000000018 /* OnboardingView.swift */; };
		A10001000000000000000019 /* PaywallView.swift in Sources */ = {isa = PBXBuildFile; fileRef = B10001000000000000000019 /* PaywallView.swift */; };
		A1000100000000000000001A /* AIResponseView.swift in Sources */ = {isa = PBXBuildFile; fileRef = B1000100000000000000001A /* AIResponseView.swift */; };
		A1000100000000000000001B /* CrossReferencesView.swift in Sources */ = {isa = PBXBuildFile; fileRef = B1000100000000000000001B /* CrossReferencesView.swift */; };
		A1000100000000000000001C /* StudyModePillsView.swift in Sources */ = {isa = PBXBuildFile; fileRef = B1000100000000000000001C /* StudyModePillsView.swift */; };
		A1000100000000000000001D /* StudyView.swift in Sources */ = {isa = PBXBuildFile; fileRef = B1000100000000000000001D /* StudyView.swift */; };
		A1000100000000000000001E /* VerseCardView.swift in Sources */ = {isa = PBXBuildFile; fileRef = B1000100000000000000001E /* VerseCardView.swift */; };
		A1000100000000000000001F /* HomeView.swift in Sources */ = {isa = PBXBuildFile; fileRef = B1000100000000000000001F /* HomeView.swift */; };
		A10001000000000000000020 /* JournalView.swift in Sources */ = {isa = PBXBuildFile; fileRef = B10001000000000000000020 /* JournalView.swift */; };
		A10001000000000000000021 /* PlanDetailView.swift in Sources */ = {isa = PBXBuildFile; fileRef = B10001000000000000000021 /* PlanDetailView.swift */; };
		A10001000000000000000022 /* PlansListView.swift in Sources */ = {isa = PBXBuildFile; fileRef = B10001000000000000000022 /* PlansListView.swift */; };
		A10001000000000000000023 /* SavedView.swift in Sources */ = {isa = PBXBuildFile; fileRef = B10001000000000000000023 /* SavedView.swift */; };
		A10001000000000000000024 /* SettingsView.swift in Sources */ = {isa = PBXBuildFile; fileRef = B10001000000000000000024 /* SettingsView.swift */; };
		A10001000000000000000025 /* DailyVerseService.swift in Sources */ = {isa = PBXBuildFile; fileRef = B10001000000000000000025 /* DailyVerseService.swift */; };
		A10001000000000000000026 /* StreakService.swift in Sources */ = {isa = PBXBuildFile; fileRef = B10001000000000000000026 /* StreakService.swift */; };
		A10001000000000000000027 /* NotificationService.swift in Sources */ = {isa = PBXBuildFile; fileRef = B10001000000000000000027 /* NotificationService.swift */; };
		A10001000000000000000028 /* ReviewService.swift in Sources */ = {isa = PBXBuildFile; fileRef = B10001000000000000000028 /* ReviewService.swift */; };
		A10001000000000000000029 /* DailyVerseCard.swift in Sources */ = {isa = PBXBuildFile; fileRef = B10001000000000000000029 /* DailyVerseCard.swift */; };
		A1000100000000000000002A /* StreakBadge.swift in Sources */ = {isa = PBXBuildFile; fileRef = B1000100000000000000002A /* StreakBadge.swift */; };
		A1000100000000000000002B /* AuthService.swift in Sources */ = {isa = PBXBuildFile; fileRef = B1000100000000000000002B /* AuthService.swift */; };
		A1000100000000000000002C /* SignInWithAppleButton.swift in Sources */ = {isa = PBXBuildFile; fileRef = B1000100000000000000002C /* SignInWithAppleButton.swift */; };
		A1000100000000000000002D /* SyncService.swift in Sources */ = {isa = PBXBuildFile; fileRef = B1000100000000000000002D /* SyncService.swift */; };
		A1000100000000000000002F /* TopicStudyView.swift in Sources */ = {isa = PBXBuildFile; fileRef = B1000100000000000000002F /* TopicStudyView.swift */; };
		A1000100000000000000002E /* KeychainService.swift in Sources */ = {isa = PBXBuildFile; fileRef = B1000100000000000000002E /* KeychainService.swift */; };
/* End PBXBuildFile section */

/* Begin PBXFileReference section */
		059C9FA9C9B49578732892E0 /* AIService.swift */ = {isa = PBXFileReference; lastKnownFileType = sourcecode.swift; path = AIService.swift; sourceTree = "<group>"; };
		08A20B78FED88832D4703E38 /* BibleCopilot.app */ = {isa = PBXFileReference; includeInIndex = 0; lastKnownFileType = wrapper.application; path = BibleCopilot.app; sourceTree = BUILT_PRODUCTS_DIR; };
		5F364036ECF3A9B46DDCDE20 /* Info.plist */ = {isa = PBXFileReference; lastKnownFileType = text.plist; path = Info.plist; sourceTree = "<group>"; };
		7252163E03A5A92A1852A2C6 /* BibleCopilotApp.swift */ = {isa = PBXFileReference; lastKnownFileType = sourcecode.swift; path = BibleCopilotApp.swift; sourceTree = "<group>"; };
		922F5CBA6C43138FD54F4B39 /* ContentView.swift */ = {isa = PBXFileReference; lastKnownFileType = sourcecode.swift; path = ContentView.swift; sourceTree = "<group>"; };
		D62753EB7324AF3ADEF3CCB9 /* Assets.xcassets */ = {isa = PBXFileReference; lastKnownFileType = folder.assetcatalog; path = Assets.xcassets; sourceTree = "<group>"; };
		B10001000000000000000001 /* Color+Hex.swift */ = {isa = PBXFileReference; lastKnownFileType = sourcecode.swift; path = "Color+Hex.swift"; sourceTree = "<group>"; };
		B10001000000000000000002 /* Date+Formatting.swift */ = {isa = PBXFileReference; lastKnownFileType = sourcecode.swift; path = "Date+Formatting.swift"; sourceTree = "<group>"; };
		B10001000000000000000003 /* JournalEntry.swift */ = {isa = PBXFileReference; lastKnownFileType = sourcecode.swift; path = JournalEntry.swift; sourceTree = "<group>"; };
		B10001000000000000000004 /* OnboardingSlide.swift */ = {isa = PBXFileReference; lastKnownFileType = sourcecode.swift; path = OnboardingSlide.swift; sourceTree = "<group>"; };
		B10001000000000000000005 /* ReadingPlan.swift */ = {isa = PBXFileReference; lastKnownFileType = sourcecode.swift; path = ReadingPlan.swift; sourceTree = "<group>"; };
		B10001000000000000000006 /* ReadingPlanProgress.swift */ = {isa = PBXFileReference; lastKnownFileType = sourcecode.swift; path = ReadingPlanProgress.swift; sourceTree = "<group>"; };
		B10001000000000000000007 /* SavedPassage.swift */ = {isa = PBXFileReference; lastKnownFileType = sourcecode.swift; path = SavedPassage.swift; sourceTree = "<group>"; };
		B10001000000000000000008 /* BibleService.swift */ = {isa = PBXFileReference; lastKnownFileType = sourcecode.swift; path = BibleService.swift; sourceTree = "<group>"; };
		B10001000000000000000009 /* CrossReferenceParser.swift */ = {isa = PBXFileReference; lastKnownFileType = sourcecode.swift; path = CrossReferenceParser.swift; sourceTree = "<group>"; };
		B1000100000000000000000A /* HapticService.swift */ = {isa = PBXFileReference; lastKnownFileType = sourcecode.swift; path = HapticService.swift; sourceTree = "<group>"; };
		B1000100000000000000000B /* SubscriptionService.swift */ = {isa = PBXFileReference; lastKnownFileType = sourcecode.swift; path = SubscriptionService.swift; sourceTree = "<group>"; };
		B1000100000000000000000C /* UsageService.swift */ = {isa = PBXFileReference; lastKnownFileType = sourcecode.swift; path = UsageService.swift; sourceTree = "<group>"; };
		B1000100000000000000000D /* AppTheme.swift */ = {isa = PBXFileReference; lastKnownFileType = sourcecode.swift; path = AppTheme.swift; sourceTree = "<group>"; };
		B1000100000000000000000E /* StudyModeTheme.swift */ = {isa = PBXFileReference; lastKnownFileType = sourcecode.swift; path = StudyModeTheme.swift; sourceTree = "<group>"; };
		B1000100000000000000000F /* HomeViewModel.swift */ = {isa = PBXFileReference; lastKnownFileType = sourcecode.swift; path = HomeViewModel.swift; sourceTree = "<group>"; };
		B10001000000000000000010 /* StudyViewModel.swift */ = {isa = PBXFileReference; lastKnownFileType = sourcecode.swift; path = StudyViewModel.swift; sourceTree = "<group>"; };
		B10001000000000000000011 /* EmptyStateView.swift */ = {isa = PBXFileReference; lastKnownFileType = sourcecode.swift; path = EmptyStateView.swift; sourceTree = "<group>"; };
		B10001000000000000000012 /* JournalCardView.swift */ = {isa = PBXFileReference; lastKnownFileType = sourcecode.swift; path = JournalCardView.swift; sourceTree = "<group>"; };
		B10001000000000000000013 /* LoadingDotsView.swift */ = {isa = PBXFileReference; lastKnownFileType = sourcecode.swift; path = LoadingDotsView.swift; sourceTree = "<group>"; };
		B10001000000000000000014 /* ProLockOverlay.swift */ = {isa = PBXFileReference; lastKnownFileType = sourcecode.swift; path = ProLockOverlay.swift; sourceTree = "<group>"; };
		B10001000000000000000015 /* QuickPickChip.swift */ = {isa = PBXFileReference; lastKnownFileType = sourcecode.swift; path = QuickPickChip.swift; sourceTree = "<group>"; };
		B10001000000000000000016 /* SavedPassageCard.swift */ = {isa = PBXFileReference; lastKnownFileType = sourcecode.swift; path = SavedPassageCard.swift; sourceTree = "<group>"; };
		B10001000000000000000017 /* StudyModeCard.swift */ = {isa = PBXFileReference; lastKnownFileType = sourcecode.swift; path = StudyModeCard.swift; sourceTree = "<group>"; };
		B10001000000000000000018 /* OnboardingView.swift */ = {isa = PBXFileReference; lastKnownFileType = sourcecode.swift; path = OnboardingView.swift; sourceTree = "<group>"; };
		B10001000000000000000019 /* PaywallView.swift */ = {isa = PBXFileReference; lastKnownFileType = sourcecode.swift; path = PaywallView.swift; sourceTree = "<group>"; };
		B1000100000000000000001A /* AIResponseView.swift */ = {isa = PBXFileReference; lastKnownFileType = sourcecode.swift; path = AIResponseView.swift; sourceTree = "<group>"; };
		B1000100000000000000001B /* CrossReferencesView.swift */ = {isa = PBXFileReference; lastKnownFileType = sourcecode.swift; path = CrossReferencesView.swift; sourceTree = "<group>"; };
		B1000100000000000000001C /* StudyModePillsView.swift */ = {isa = PBXFileReference; lastKnownFileType = sourcecode.swift; path = StudyModePillsView.swift; sourceTree = "<group>"; };
		B1000100000000000000001D /* StudyView.swift */ = {isa = PBXFileReference; lastKnownFileType = sourcecode.swift; path = StudyView.swift; sourceTree = "<group>"; };
		B1000100000000000000001E /* VerseCardView.swift */ = {isa = PBXFileReference; lastKnownFileType = sourcecode.swift; path = VerseCardView.swift; sourceTree = "<group>"; };
		B1000100000000000000001F /* HomeView.swift */ = {isa = PBXFileReference; lastKnownFileType = sourcecode.swift; path = HomeView.swift; sourceTree = "<group>"; };
		B10001000000000000000020 /* JournalView.swift */ = {isa = PBXFileReference; lastKnownFileType = sourcecode.swift; path = JournalView.swift; sourceTree = "<group>"; };
		B10001000000000000000021 /* PlanDetailView.swift */ = {isa = PBXFileReference; lastKnownFileType = sourcecode.swift; path = PlanDetailView.swift; sourceTree = "<group>"; };
		B10001000000000000000022 /* PlansListView.swift */ = {isa = PBXFileReference; lastKnownFileType = sourcecode.swift; path = PlansListView.swift; sourceTree = "<group>"; };
		B10001000000000000000023 /* SavedView.swift */ = {isa = PBXFileReference; lastKnownFileType = sourcecode.swift; path = SavedView.swift; sourceTree = "<group>"; };
		B10001000000000000000024 /* SettingsView.swift */ = {isa = PBXFileReference; lastKnownFileType = sourcecode.swift; path = SettingsView.swift; sourceTree = "<group>"; };
		B10001000000000000000025 /* DailyVerseService.swift */ = {isa = PBXFileReference; lastKnownFileType = sourcecode.swift; path = DailyVerseService.swift; sourceTree = "<group>"; };
		B10001000000000000000026 /* StreakService.swift */ = {isa = PBXFileReference; lastKnownFileType = sourcecode.swift; path = StreakService.swift; sourceTree = "<group>"; };
		B10001000000000000000027 /* NotificationService.swift */ = {isa = PBXFileReference; lastKnownFileType = sourcecode.swift; path = NotificationService.swift; sourceTree = "<group>"; };
		B10001000000000000000028 /* ReviewService.swift */ = {isa = PBXFileReference; lastKnownFileType = sourcecode.swift; path = ReviewService.swift; sourceTree = "<group>"; };
		B10001000000000000000029 /* DailyVerseCard.swift */ = {isa = PBXFileReference; lastKnownFileType = sourcecode.swift; path = DailyVerseCard.swift; sourceTree = "<group>"; };
		B1000100000000000000002A /* StreakBadge.swift */ = {isa = PBXFileReference; lastKnownFileType = sourcecode.swift; path = StreakBadge.swift; sourceTree = "<group>"; };
		B1000100000000000000002B /* AuthService.swift */ = {isa = PBXFileReference; lastKnownFileType = sourcecode.swift; path = AuthService.swift; sourceTree = "<group>"; };
		B1000100000000000000002C /* SignInWithAppleButton.swift */ = {isa = PBXFileReference; lastKnownFileType = sourcecode.swift; path = SignInWithAppleButton.swift; sourceTree = "<group>"; };
		B1000100000000000000002D /* SyncService.swift */ = {isa = PBXFileReference; lastKnownFileType = sourcecode.swift; path = SyncService.swift; sourceTree = "<group>"; };
		B1000100000000000000002F /* TopicStudyView.swift */ = {isa = PBXFileReference; lastKnownFileType = sourcecode.swift; path = TopicStudyView.swift; sourceTree = "<group>"; };
		B1000100000000000000002E /* KeychainService.swift */ = {isa = PBXFileReference; lastKnownFileType = sourcecode.swift; path = KeychainService.swift; sourceTree = "<group>"; };
/* End PBXFileReference section */

/* Begin PBXGroup section */
		1B713654A703ED0BFCA38011 /* Products */ = {
			isa = PBXGroup;
			children = (
				08A20B78FED88832D4703E38 /* BibleCopilot.app */,
			);
			name = Products;
			sourceTree = "<group>";
		};
		253A4DBB09442A31694016EC /* Services */ = {
			isa = PBXGroup;
			children = (
				059C9FA9C9B49578732892E0 /* AIService.swift */,
				B10001000000000000000008 /* BibleService.swift */,
				B10001000000000000000009 /* CrossReferenceParser.swift */,
				B1000100000000000000000A /* HapticService.swift */,
				B1000100000000000000000B /* SubscriptionService.swift */,
				B1000100000000000000000C /* UsageService.swift */,
				B10001000000000000000025 /* DailyVerseService.swift */,
				B10001000000000000000026 /* StreakService.swift */,
				B10001000000000000000027 /* NotificationService.swift */,
				B10001000000000000000028 /* ReviewService.swift */,
				B1000100000000000000002B /* AuthService.swift */,
				B1000100000000000000002D /* SyncService.swift */,
				B1000100000000000000002E /* KeychainService.swift */,
			);
			path = Services;
			sourceTree = "<group>";
		};
		563E4A28E1B77194EEAAE5BE /* BibleCopilot */ = {
			isa = PBXGroup;
			children = (
				D8C961DBE67857287D35498A /* App */,
				C10001000000000000000001 /* Extensions */,
				E97BEE3A256810FD389AB248 /* Models */,
				714FA957F287298E4B9C7BB1 /* Resources */,
				253A4DBB09442A31694016EC /* Services */,
				C10001000000000000000002 /* Theme */,
				C10001000000000000000003 /* ViewModels */,
				AC3506813D6B2C3214F20024 /* Views */,
			);
			path = BibleCopilot;
			sourceTree = "<group>";
		};
		714FA957F287298E4B9C7BB1 /* Resources */ = {
			isa = PBXGroup;
			children = (
				D62753EB7324AF3ADEF3CCB9 /* Assets.xcassets */,
				5F364036ECF3A9B46DDCDE20 /* Info.plist */,
			);
			path = Resources;
			sourceTree = "<group>";
		};
		AC3506813D6B2C3214F20024 /* Views */ = {
			isa = PBXGroup;
			children = (
				C10001000000000000000004 /* Components */,
				C10001000000000000000005 /* Onboarding */,
				C10001000000000000000006 /* Paywall */,
				C10001000000000000000007 /* Study */,
				C10001000000000000000008 /* Tabs */,
			);
			path = Views;
			sourceTree = "<group>";
		};
		D8C961DBE67857287D35498A /* App */ = {
			isa = PBXGroup;
			children = (
				7252163E03A5A92A1852A2C6 /* BibleCopilotApp.swift */,
				922F5CBA6C43138FD54F4B39 /* ContentView.swift */,
			);
			path = App;
			sourceTree = "<group>";
		};
		E97BEE3A256810FD389AB248 /* Models */ = {
			isa = PBXGroup;
			children = (
				B10001000000000000000003 /* JournalEntry.swift */,
				B10001000000000000000004 /* OnboardingSlide.swift */,
				B10001000000000000000005 /* ReadingPlan.swift */,
				B10001000000000000000006 /* ReadingPlanProgress.swift */,
				B10001000000000000000007 /* SavedPassage.swift */,
			);
			path = Models;
			sourceTree = "<group>";
		};
		F1134C4C27773A5734A598E5 = {
			isa = PBXGroup;
			children = (
				563E4A28E1B77194EEAAE5BE /* BibleCopilot */,
				1B713654A703ED0BFCA38011 /* Products */,
			);
			sourceTree = "<group>";
		};
		C10001000000000000000001 /* Extensions */ = {
			isa = PBXGroup;
			children = (
				B10001000000000000000001 /* Color+Hex.swift */,
				B10001000000000000000002 /* Date+Formatting.swift */,
			);
			path = Extensions;
			sourceTree = "<group>";
		};
		C10001000000000000000002 /* Theme */ = {
			isa = PBXGroup;
			children = (
				B1000100000000000000000D /* AppTheme.swift */,
				B1000100000000000000000E /* StudyModeTheme.swift */,
			);
			path = Theme;
			sourceTree = "<group>";
		};
		C10001000000000000000003 /* ViewModels */ = {
			isa = PBXGroup;
			children = (
				B1000100000000000000000F /* HomeViewModel.swift */,
				B10001000000000000000010 /* StudyViewModel.swift */,
			);
			path = ViewModels;
			sourceTree = "<group>";
		};
		C10001000000000000000004 /* Components */ = {
			isa = PBXGroup;
			children = (
				B10001000000000000000011 /* EmptyStateView.swift */,
				B10001000000000000000012 /* JournalCardView.swift */,
				B10001000000000000000013 /* LoadingDotsView.swift */,
				B10001000000000000000014 /* ProLockOverlay.swift */,
				B10001000000000000000015 /* QuickPickChip.swift */,
				B10001000000000000000016 /* SavedPassageCard.swift */,
				B10001000000000000000017 /* StudyModeCard.swift */,
				B10001000000000000000029 /* DailyVerseCard.swift */,
				B1000100000000000000002A /* StreakBadge.swift */,
				B1000100000000000000002C /* SignInWithAppleButton.swift */,
			);
			path = Components;
			sourceTree = "<group>";
		};
		C10001000000000000000005 /* Onboarding */ = {
			isa = PBXGroup;
			children = (
				B10001000000000000000018 /* OnboardingView.swift */,
			);
			path = Onboarding;
			sourceTree = "<group>";
		};
		C10001000000000000000006 /* Paywall */ = {
			isa = PBXGroup;
			children = (
				B10001000000000000000019 /* PaywallView.swift */,
			);
			path = Paywall;
			sourceTree = "<group>";
		};
		C10001000000000000000007 /* Study */ = {
			isa = PBXGroup;
			children = (
				B1000100000000000000001A /* AIResponseView.swift */,
				B1000100000000000000001B /* CrossReferencesView.swift */,
				B1000100000000000000001C /* StudyModePillsView.swift */,
				B1000100000000000000001D /* StudyView.swift */,
				B1000100000000000000001E /* VerseCardView.swift */,
				B1000100000000000000002F /* TopicStudyView.swift */,
			);
			path = Study;
			sourceTree = "<group>";
		};
		C10001000000000000000008 /* Tabs */ = {
			isa = PBXGroup;
			children = (
				B1000100000000000000001F /* HomeView.swift */,
				B10001000000000000000020 /* JournalView.swift */,
				B10001000000000000000021 /* PlanDetailView.swift */,
				B10001000000000000000022 /* PlansListView.swift */,
				B10001000000000000000023 /* SavedView.swift */,
				B10001000000000000000024 /* SettingsView.swift */,
			);
			path = Tabs;
			sourceTree = "<group>";
		};
/* End PBXGroup section */

/* Begin PBXNativeTarget section */
		A7ACD4302C3B5E840D492AEA /* BibleCopilot */ = {
			isa = PBXNativeTarget;
			buildConfigurationList = 68ECF6C50F2CB7690499268C /* Build configuration list for PBXNativeTarget "BibleCopilot" */;
			buildPhases = (
				DDD6356FF496C2E0E695CF2C /* Sources */,
				0C6F6435591B071CA3B56455 /* Resources */,
			);
			buildRules = (
			);
			dependencies = (
			);
			name = BibleCopilot;
			packageProductDependencies = (
			);
			productName = BibleCopilot;
			productReference = 08A20B78FED88832D4703E38 /* BibleCopilot.app */;
			productType = "com.apple.product-type.application";
		};
/* End PBXNativeTarget section */

/* Begin PBXProject section */
		07AA8419C0CC0FA6C51E927F /* Project object */ = {
			isa = PBXProject;
			attributes = {
				BuildIndependentTargetsInParallel = YES;
				LastUpgradeCheck = 1500;
				TargetAttributes = {
					A7ACD4302C3B5E840D492AEA = {
						DevelopmentTeam = 846N5D6TMK;
						ProvisioningStyle = Automatic;
					};
				};
			};
			buildConfigurationList = FFCE49AB1A462C6305B8474F /* Build configuration list for PBXProject "BibleCopilot" */;
			compatibilityVersion = "Xcode 14.0";
			developmentRegion = en;
			hasScannedForEncodings = 0;
			knownRegions = (
				Base,
				en,
			);
			mainGroup = F1134C4C27773A5734A598E5;
			minimizedProjectReferenceProxies = 1;
			preferredProjectObjectVersion = 77;
			projectDirPath = "";
			projectRoot = "";
			targets = (
				A7ACD4302C3B5E840D492AEA /* BibleCopilot */,
			);
		};
/* End PBXProject section */

/* Begin PBXResourcesBuildPhase section */
		0C6F6435591B071CA3B56455 /* Resources */ = {
			isa = PBXResourcesBuildPhase;
			buildActionMask = 2147483647;
			files = (
				0699AA62167C67136505D405 /* Assets.xcassets in Resources */,
			);
			runOnlyForDeploymentPostprocessing = 0;
		};
/* End PBXResourcesBuildPhase section */

/* Begin PBXSourcesBuildPhase section */
		DDD6356FF496C2E0E695CF2C /* Sources */ = {
			isa = PBXSourcesBuildPhase;
			buildActionMask = 2147483647;
			files = (
				18178906F1495B4BC1410581 /* AIService.swift in Sources */,
				7C18A5C82B0BA8BEDA66936E /* BibleCopilotApp.swift in Sources */,
				7DF106B4AF22A62C6DCD2CF7 /* ContentView.swift in Sources */,
				A10001000000000000000001 /* Color+Hex.swift in Sources */,
				A10001000000000000000002 /* Date+Formatting.swift in Sources */,
				A10001000000000000000003 /* JournalEntry.swift in Sources */,
				A10001000000000000000004 /* OnboardingSlide.swift in Sources */,
				A10001000000000000000005 /* ReadingPlan.swift in Sources */,
				A10001000000000000000006 /* ReadingPlanProgress.swift in Sources */,
				A10001000000000000000007 /* SavedPassage.swift in Sources */,
				A10001000000000000000008 /* BibleService.swift in Sources */,
				A10001000000000000000009 /* CrossReferenceParser.swift in Sources */,
				A1000100000000000000000A /* HapticService.swift in Sources */,
				A1000100000000000000000B /* SubscriptionService.swift in Sources */,
				A1000100000000000000000C /* UsageService.swift in Sources */,
				A1000100000000000000000D /* AppTheme.swift in Sources */,
				A1000100000000000000000E /* StudyModeTheme.swift in Sources */,
				A1000100000000000000000F /* HomeViewModel.swift in Sources */,
				A10001000000000000000010 /* StudyViewModel.swift in Sources */,
				A10001000000000000000011 /* EmptyStateView.swift in Sources */,
				A10001000000000000000012 /* JournalCardView.swift in Sources */,
				A10001000000000000000013 /* LoadingDotsView.swift in Sources */,
				A10001000000000000000014 /* ProLockOverlay.swift in Sources */,
				A10001000000000000000015 /* QuickPickChip.swift in Sources */,
				A10001000000000000000016 /* SavedPassageCard.swift in Sources */,
				A10001000000000000000017 /* StudyModeCard.swift in Sources */,
				A10001000000000000000018 /* OnboardingView.swift in Sources */,
				A10001000000000000000019 /* PaywallView.swift in Sources */,
				A1000100000000000000001A /* AIResponseView.swift in Sources */,
				A1000100000000000000001B /* CrossReferencesView.swift in Sources */,
				A1000100000000000000001C /* StudyModePillsView.swift in Sources */,
				A1000100000000000000001D /* StudyView.swift in Sources */,
				A1000100000000000000001E /* VerseCardView.swift in Sources */,
				A1000100000000000000001F /* HomeView.swift in Sources */,
				A10001000000000000000020 /* JournalView.swift in Sources */,
				A10001000000000000000021 /* PlanDetailView.swift in Sources */,
				A10001000000000000000022 /* PlansListView.swift in Sources */,
				A10001000000000000000023 /* SavedView.swift in Sources */,
				A10001000000000000000024 /* SettingsView.swift in Sources */,
				A10001000000000000000025 /* DailyVerseService.swift in Sources */,
				A10001000000000000000026 /* StreakService.swift in Sources */,
				A10001000000000000000027 /* NotificationService.swift in Sources */,
				A10001000000000000000028 /* ReviewService.swift in Sources */,
				A10001000000000000000029 /* DailyVerseCard.swift in Sources */,
				A1000100000000000000002A /* StreakBadge.swift in Sources */,
				A1000100000000000000002B /* AuthService.swift in Sources */,
				A1000100000000000000002C /* SignInWithAppleButton.swift in Sources */,
				A1000100000000000000002D /* SyncService.swift in Sources */,
				A1000100000000000000002F /* TopicStudyView.swift in Sources */,
				A1000100000000000000002E /* KeychainService.swift in Sources */,
			);
			runOnlyForDeploymentPostprocessing = 0;
		};
/* End PBXSourcesBuildPhase section */

/* Begin XCBuildConfiguration section */
		1C80FD894E032FB76312DD04 /* Release */ = {
			isa = XCBuildConfiguration;
			buildSettings = {
				ALWAYS_SEARCH_USER_PATHS = NO;
				CLANG_ANALYZER_NONNULL = YES;
				CLANG_ANALYZER_NUMBER_OBJECT_CONVERSION = YES_AGGRESSIVE;
				CLANG_CXX_LANGUAGE_STANDARD = "gnu++14";
				CLANG_CXX_LIBRARY = "libc++";
				CLANG_ENABLE_MODULES = YES;
				CLANG_ENABLE_OBJC_ARC = YES;
				CLANG_ENABLE_OBJC_WEAK = YES;
				CLANG_WARN_BLOCK_CAPTURE_AUTORELEASING = YES;
				CLANG_WARN_BOOL_CONVERSION = YES;
				CLANG_WARN_COMMA = YES;
				CLANG_WARN_CONSTANT_CONVERSION = YES;
				CLANG_WARN_DEPRECATED_OBJC_IMPLEMENTATIONS = YES;
				CLANG_WARN_DIRECT_OBJC_ISA_USAGE = YES_ERROR;
				CLANG_WARN_DOCUMENTATION_COMMENTS = YES;
				CLANG_WARN_EMPTY_BODY = YES;
				CLANG_WARN_ENUM_CONVERSION = YES;
				CLANG_WARN_INFINITE_RECURSION = YES;
				CLANG_WARN_INT_CONVERSION = YES;
				CLANG_WARN_NON_LITERAL_NULL_CONVERSION = YES;
				CLANG_WARN_OBJC_IMPLICIT_RETAIN_SELF = YES;
				CLANG_WARN_OBJC_LITERAL_CONVERSION = YES;
				CLANG_WARN_OBJC_ROOT_CLASS = YES_ERROR;
				CLANG_WARN_QUOTED_INCLUDE_IN_FRAMEWORK_HEADER = YES;
				CLANG_WARN_RANGE_LOOP_ANALYSIS = YES;
				CLANG_WARN_STRICT_PROTOTYPES = YES;
				CLANG_WARN_SUSPICIOUS_MOVE = YES;
				CLANG_WARN_UNGUARDED_AVAILABILITY = YES_AGGRESSIVE;
				CLANG_WARN_UNREACHABLE_CODE = YES;
				CLANG_WARN__DUPLICATE_METHOD_MATCH = YES;
				COPY_PHASE_STRIP = NO;
				DEBUG_INFORMATION_FORMAT = "dwarf-with-dsym";
				ENABLE_NS_ASSERTIONS = NO;
				ENABLE_STRICT_OBJC_MSGSEND = YES;
				GCC_C_LANGUAGE_STANDARD = gnu11;
				GCC_NO_COMMON_BLOCKS = YES;
				GCC_WARN_64_TO_32_BIT_CONVERSION = YES;
				GCC_WARN_ABOUT_RETURN_TYPE = YES_ERROR;
				GCC_WARN_UNDECLARED_SELECTOR = YES;
				GCC_WARN_UNINITIALIZED_AUTOS = YES_AGGRESSIVE;
				GCC_WARN_UNUSED_FUNCTION = YES;
				GCC_WARN_UNUSED_VARIABLE = YES;
				IPHONEOS_DEPLOYMENT_TARGET = 18.0;
				MTL_ENABLE_DEBUG_INFO = NO;
				MTL_FAST_MATH = YES;
				PRODUCT_NAME = "$(TARGET_NAME)";
				SDKROOT = iphoneos;
				SWIFT_COMPILATION_MODE = wholemodule;
				SWIFT_OPTIMIZATION_LEVEL = "-O";
				SWIFT_VERSION = 5.0;
			};
			name = Release;
		};
		24B16CB4FC443B859DB2A3E8 /* Release */ = {
			isa = XCBuildConfiguration;
			buildSettings = {
				ASSETCATALOG_COMPILER_APPICON_NAME = AppIcon;
				ASSETCATALOG_COMPILER_INCLUDE_ALL_APPICON_ASSETS = YES;
				CODE_SIGN_ENTITLEMENTS = BibleCopilot/BibleCopilot.entitlements;
				CODE_SIGN_IDENTITY = "iPhone Developer";
				CODE_SIGN_STYLE = Automatic;
				CURRENT_PROJECT_VERSION = 103;
				DEVELOPMENT_TEAM = 846N5D6TMK;
				ENABLE_BITCODE = NO;
				INFOPLIST_FILE = BibleCopilot/Resources/Info.plist;
				IPHONEOS_DEPLOYMENT_TARGET = 18.0;
				LD_RUNPATH_SEARCH_PATHS = (
					"$(inherited)",
					"@executable_path/Frameworks",
				);
				MARKETING_VERSION = 1.5.1;
				PRODUCT_BUNDLE_IDENTIFIER = com.scripturecopilot.app;
				PRODUCT_NAME = "Bible Copilot";
				SDKROOT = iphoneos;
				SWIFT_VERSION = 5.0;
				TARGETED_DEVICE_FAMILY = "1,2";
			};
			name = Release;
		};
		5FB0D7A673BA8108216EB145 /* Debug */ = {
			isa = XCBuildConfiguration;
			buildSettings = {
				ALWAYS_SEARCH_USER_PATHS = NO;
				CLANG_ANALYZER_NONNULL = YES;
				CLANG_ANALYZER_NUMBER_OBJECT_CONVERSION = YES_AGGRESSIVE;
				CLANG_CXX_LANGUAGE_STANDARD = "gnu++14";
				CLANG_CXX_LIBRARY = "libc++";
				CLANG_ENABLE_MODULES = YES;
				CLANG_ENABLE_OBJC_ARC = YES;
				CLANG_ENABLE_OBJC_WEAK = YES;
				CLANG_WARN_BLOCK_CAPTURE_AUTORELEASING = YES;
				CLANG_WARN_BOOL_CONVERSION = YES;
				CLANG_WARN_COMMA = YES;
				CLANG_WARN_CONSTANT_CONVERSION = YES;
				CLANG_WARN_DEPRECATED_OBJC_IMPLEMENTATIONS = YES;
				CLANG_WARN_DIRECT_OBJC_ISA_USAGE = YES_ERROR;
				CLANG_WARN_DOCUMENTATION_COMMENTS = YES;
				CLANG_WARN_EMPTY_BODY = YES;
				CLANG_WARN_ENUM_CONVERSION = YES;
				CLANG_WARN_INFINITE_RECURSION = YES;
				CLANG_WARN_INT_CONVERSION = YES;
				CLANG_WARN_NON_LITERAL_NULL_CONVERSION = YES;
				CLANG_WARN_OBJC_IMPLICIT_RETAIN_SELF = YES;
				CLANG_WARN_OBJC_LITERAL_CONVERSION = YES;
				CLANG_WARN_OBJC_ROOT_CLASS = YES_ERROR;
				CLANG_WARN_QUOTED_INCLUDE_IN_FRAMEWORK_HEADER = YES;
				CLANG_WARN_RANGE_LOOP_ANALYSIS = YES;
				CLANG_WARN_STRICT_PROTOTYPES = YES;
				CLANG_WARN_SUSPICIOUS_MOVE = YES;
				CLANG_WARN_UNGUARDED_AVAILABILITY = YES_AGGRESSIVE;
				CLANG_WARN_UNREACHABLE_CODE = YES;
				CLANG_WARN__DUPLICATE_METHOD_MATCH = YES;
				COPY_PHASE_STRIP = NO;
				DEBUG_INFORMATION_FORMAT = dwarf;
				ENABLE_STRICT_OBJC_MSGSEND = YES;
				ENABLE_TESTABILITY = YES;
				GCC_C_LANGUAGE_STANDARD = gnu11;
				GCC_DYNAMIC_NO_PIC = NO;
				GCC_NO_COMMON_BLOCKS = YES;
				GCC_OPTIMIZATION_LEVEL = 0;
				GCC_PREPROCESSOR_DEFINITIONS = (
					"$(inherited)",
					"DEBUG=1",
				);
				GCC_WARN_64_TO_32_BIT_CONVERSION = YES;
				GCC_WARN_ABOUT_RETURN_TYPE = YES_ERROR;
				GCC_WARN_UNDECLARED_SELECTOR = YES;
				GCC_WARN_UNINITIALIZED_AUTOS = YES_AGGRESSIVE;
				GCC_WARN_UNUSED_FUNCTION = YES;
				GCC_WARN_UNUSED_VARIABLE = YES;
				IPHONEOS_DEPLOYMENT_TARGET = 18.0;
				MTL_ENABLE_DEBUG_INFO = INCLUDE_SOURCE;
				MTL_FAST_MATH = YES;
				ONLY_ACTIVE_ARCH = YES;
				PRODUCT_NAME = "$(TARGET_NAME)";
				SDKROOT = iphoneos;
				SWIFT_ACTIVE_COMPILATION_CONDITIONS = DEBUG;
				SWIFT_OPTIMIZATION_LEVEL = "-Onone";
				SWIFT_VERSION = 5.0;
			};
			name = Debug;
		};
		B37C1C81F0B4357489BA96D5 /* Debug */ = {
			isa = XCBuildConfiguration;
			buildSettings = {
				ASSETCATALOG_COMPILER_APPICON_NAME = AppIcon;
				ASSETCATALOG_COMPILER_INCLUDE_ALL_APPICON_ASSETS = YES;
				CODE_SIGN_ENTITLEMENTS = BibleCopilot/BibleCopilot.entitlements;
				CODE_SIGN_IDENTITY = "iPhone Developer";
				CODE_SIGN_STYLE = Automatic;
				CURRENT_PROJECT_VERSION = 103;
				DEVELOPMENT_TEAM = 846N5D6TMK;
				ENABLE_BITCODE = NO;
				INFOPLIST_FILE = BibleCopilot/Resources/Info.plist;
				IPHONEOS_DEPLOYMENT_TARGET = 18.0;
				LD_RUNPATH_SEARCH_PATHS = (
					"$(inherited)",
					"@executable_path/Frameworks",
				);
				MARKETING_VERSION = 1.5.1;
				PRODUCT_BUNDLE_IDENTIFIER = com.scripturecopilot.app;
				PRODUCT_NAME = "Bible Copilot";
				SDKROOT = iphoneos;
				SWIFT_VERSION = 5.0;
				TARGETED_DEVICE_FAMILY = "1,2";
			};
			name = Debug;
		};
/* End XCBuildConfiguration section */

/* Begin XCConfigurationList section */
		68ECF6C50F2CB7690499268C /* Build configuration list for PBXNativeTarget "BibleCopilot" */ = {
			isa = XCConfigurationList;
			buildConfigurations = (
				B37C1C81F0B4357489BA96D5 /* Debug */,
				24B16CB4FC443B859DB2A3E8 /* Release */,
			);
			defaultConfigurationIsVisible = 0;
			defaultConfigurationName = Debug;
		};
		FFCE49AB1A462C6305B8474F /* Build configuration list for PBXProject "BibleCopilot" */ = {
			isa = XCConfigurationList;
			buildConfigurations = (
				5FB0D7A673BA8108216EB145 /* Debug */,
				1C80FD894E032FB76312DD04 /* Release */,
			);
			defaultConfigurationIsVisible = 0;
			defaultConfigurationName = Debug;
		};
/* End XCConfigurationList section */
	};
	rootObject = 07AA8419C0CC0FA6C51E927F /* Project object */;
}
